
Microsoft Visual Studio Solution File, Format Version 12.00
# Visual Studio Version 16
VisualStudioVersion = 16.0.33529.622
MinimumVisualStudioVersion = 10.0.40219.1
Project("{FAE04EC0-301F-11D3-BF4B-00C04F79EFBC}") = "MyNewConsoleApplication", "MyNewConsoleApplication\MyNewConsoleApplication.csproj", "{978708DB-ABB9-4485-A83F-24EB0C8E2814}"
EndProject
Global
	GlobalSection(SolutionConfigurationPlatforms) = preSolution
		Debug|Any CPU = Debug|Any CPU
		Release|Any CPU = Release|Any CPU
	EndGlobalSection
	GlobalSection(ProjectConfigurationPlatforms) = postSolution
		{978708DB-ABB9-4485-A83F-24EB0C8E2814}.Debug|Any CPU.ActiveCfg = Debug|Any CPU
		{978708DB-ABB9-4485-A83F-24EB0C8E2814}.Debug|Any CPU.Build.0 = Debug|Any CPU
		{978708DB-ABB9-4485-A83F-24EB0C8E2814}.Release|Any CPU.ActiveCfg = Release|Any CPU
		{978708DB-ABB9-4485-A83F-24EB0C8E2814}.Release|Any CPU.Build.0 = Release|Any CPU
	EndGlobalSection
	GlobalSection(SolutionProperties) = preSolution
		HideSolutionNode = FALSE
	EndGlobalSection
	GlobalSection(ExtensibilityGlobals) = postSolution
		SolutionGuid = {A42B531F-E9B6-40BC-BC87-ED3CEC6F68BF}
	EndGlobalSection
EndGlobal
